{
  "name": "@jpadie/node-red-virtual-matter-devices",
  "version": "0.2.30",
  "lockfileVersion": 3,
  "requires": true,
  "packages": {
    "": {
      "name": "@jpadie/node-red-virtual-matter-devices",
      "version": "0.2.30",
      "license": "Apache-2.0",
      "dependencies": {
        "@project-chip/matter-node.js": "0.10.6",
        "@project-chip/matter.js": "0.10.6",
        "c0lor": "^0.1.1",
        "color-2-name": "^1.4.4",
        "lodash": "^4.17.21"
      }
    },
    "node_modules/@noble/curves": {
      "version": "1.6.0",
      "resolved": "https://registry.npmjs.org/@noble/curves/-/curves-1.6.0.tgz",
      "integrity": "sha512-TlaHRXDehJuRNR9TfZDNQ45mMEd5dwUwmicsafcIX4SsNiqnCHKjE/1alYPd/lDRVhxdhUAlv8uEhMCI5zjIJQ==",
      "dependencies": {
        "@noble/hashes": "1.5.0"
      },
      "engines": {
        "node": "^14.21.3 || >=16"
      },
      "funding": {
        "url": "https://paulmillr.com/funding/"
      }
    },
    "node_modules/@noble/hashes": {
      "version": "1.5.0",
      "resolved": "https://registry.npmjs.org/@noble/hashes/-/hashes-1.5.0.tgz",
      "integrity": "sha512-1j6kQFb7QRru7eKN3ZDvRcP13rugwdxZqCjbiAVZfIJwgj2A65UmT4TgARXGlXgnRkORLTDTrO19ZErt7+QXgA==",
      "engines": {
        "node": "^14.21.3 || >=16"
      },
      "funding": {
        "url": "https://paulmillr.com/funding/"
      }
    },
    "node_modules/@project-chip/matter-node.js": {
      "version": "0.10.6",
      "resolved": "https://registry.npmjs.org/@project-chip/matter-node.js/-/matter-node.js-0.10.6.tgz",
      "integrity": "sha512-i0Yy0dyFiB02IxO91gBRUsr/K9qpMEAed3yFwEvm8QNCEMXh9cKyB15A0ItQS73xFSHCDJJwSMekdd1itcaIew==",
      "dependencies": {
        "@project-chip/matter.js": "0.10.6",
        "node-localstorage": "^3.0.5"
      },
      "engines": {
        "node": ">=18.0.0"
      }
    },
    "node_modules/@project-chip/matter.js": {
      "version": "0.10.6",
      "resolved": "https://registry.npmjs.org/@project-chip/matter.js/-/matter.js-0.10.6.tgz",
      "integrity": "sha512-N7VKjciD4nLE/YBoQ7melMiN11scKtCawLdLHLGcKw+UGvUkbHmpdRp0YQkUR9g3G4cWRVMPaBkOkCpk/MBVaA==",
      "dependencies": {
        "@noble/curves": "^1.5.0"
      }
    },
    "node_modules/c0lor": {
      "version": "0.1.1",
      "resolved": "https://registry.npmjs.org/c0lor/-/c0lor-0.1.1.tgz",
      "integrity": "sha512-H7N7xNKIrmI5oSJ0wqdI/+epUeL8gNk4faK8pFvoP8BGMFD2xwyGlRIaWQUOWVevZbQU2unqoS1sLt4jjjnDtA==",
      "dependencies": {
        "m4th": "0.1.0",
        "ut1l": "0.2.1"
      }
    },
    "node_modules/color-2-name": {
      "version": "1.4.4",
      "resolved": "https://registry.npmjs.org/color-2-name/-/color-2-name-1.4.4.tgz",
      "integrity": "sha512-CSF+PANU5YSZYviiU88GJBeJADD4g9mydxLRMYtMEqVxhcLyl72b6PkMQnvomZyUZZLbPhfXs42QZcR0We4JOA==",
      "engines": {
        "node": ">=14.0.0",
        "npm": ">=6.0.0"
      }
    },
    "node_modules/imurmurhash": {
      "version": "0.1.4",
      "resolved": "https://registry.npmjs.org/imurmurhash/-/imurmurhash-0.1.4.tgz",
      "integrity": "sha512-JmXMZ6wuvDmLiHEml9ykzqO6lwFbof0GG4IkcGaENdCRDDmMVnny7s5HsIgHCbaq0w2MyPhDqkhTUgS2LU2PHA==",
      "engines": {
        "node": ">=0.8.19"
      }
    },
    "node_modules/lodash": {
      "version": "4.17.21",
      "resolved": "https://registry.npmjs.org/lodash/-/lodash-4.17.21.tgz",
      "integrity": "sha512-v2kDEe57lecTulaDIuNTPy3Ry4gLGJ6Z1O3vE1krgXZNrsQ+LFTGHVxVjcXPs17LhbZVGedAJv8XZ1tvj5FvSg=="
    },
    "node_modules/m4th": {
      "version": "0.1.0",
      "resolved": "https://registry.npmjs.org/m4th/-/m4th-0.1.0.tgz",
      "integrity": "sha512-TYVT14iONeYtZ7v5qhoDB95EeZpoRYDsMp47hzd3TUk2qUNtwLOsx29sj5FyTs7iSUZNuBp6RSENuEBl47prRQ==",
      "dependencies": {
        "ut1l": "0.2.0"
      }
    },
    "node_modules/m4th/node_modules/ut1l": {
      "version": "0.2.0",
      "resolved": "https://registry.npmjs.org/ut1l/-/ut1l-0.2.0.tgz",
      "integrity": "sha512-uQZ6W02C22qMhP/WcUyPY/cQ8P2krcCrJ73JR2nwvgRYWJ0wI1AOQnw8sm4A0AuRfkRJYMlBMthtm5/4LeuKWg=="
    },
    "node_modules/node-localstorage": {
      "version": "3.0.5",
      "resolved": "https://registry.npmjs.org/node-localstorage/-/node-localstorage-3.0.5.tgz",
      "integrity": "sha512-GCwtK33iwVXboZWYcqQHu3aRvXEBwmPkAMRBLeaX86ufhqslyUkLGsi4aW3INEfdQYpUB5M9qtYf3eHvAk2VBg==",
      "dependencies": {
        "write-file-atomic": "^5.0.1"
      },
      "engines": {
        "node": ">=0.12"
      }
    },
    "node_modules/signal-exit": {
      "version": "4.1.0",
      "resolved": "https://registry.npmjs.org/signal-exit/-/signal-exit-4.1.0.tgz",
      "integrity": "sha512-bzyZ1e88w9O1iNJbKnOlvYTrWPDl46O1bG0D3XInv+9tkPrxrN8jUUTiFlDkkmKWgn1M6CfIA13SuGqOa9Korw==",
      "engines": {
        "node": ">=14"
      },
      "funding": {
        "url": "https://github.com/sponsors/isaacs"
      }
    },
    "node_modules/ut1l": {
      "version": "0.2.1",
      "resolved": "https://registry.npmjs.org/ut1l/-/ut1l-0.2.1.tgz",
      "integrity": "sha512-lvB/EqxsesTTzBc5mx9Z9ook8Bds2KkBa64bmNzSPH55Ncy5c3unw3SBuBRVDDVJV1c5fSy7UCmyN425jb5NQw=="
    },
    "node_modules/write-file-atomic": {
      "version": "5.0.1",
      "resolved": "https://registry.npmjs.org/write-file-atomic/-/write-file-atomic-5.0.1.tgz",
      "integrity": "sha512-+QU2zd6OTD8XWIJCbffaiQeH9U73qIqafo1x6V1snCWYGJf6cVE0cDR4D8xRzcEnfI21IFrUPzPGtcPf8AC+Rw==",
      "dependencies": {
        "imurmurhash": "^0.1.4",
        "signal-exit": "^4.0.1"
      },
      "engines": {
        "node": "^14.17.0 || ^16.13.0 || >=18.0.0"
      }
    }
  }
}
