{
  "name": "@jpadie/node-red-virtual-matter-devices",
  "version": "0.2.50",
  "lockfileVersion": 3,
  "requires": true,
  "packages": {
    "": {
      "name": "@jpadie/node-red-virtual-matter-devices",
      "version": "0.2.50",
      "license": "Apache-2.0",
      "dependencies": {
        "@matter/main": "^0.11.5-alpha.0-20241112-858f60251",
        "@types/node-red": "^1.3.5",
        "c0lor": "^0.1.1",
        "color-2-name": "^1.4.4",
        "lodash": "^4.17.21"
      }
    },
    "node_modules/@matter/general": {
      "version": "0.11.5-alpha.0-20241112-858f60251",
      "resolved": "https://registry.npmjs.org/@matter/general/-/general-0.11.5-alpha.0-20241112-858f60251.tgz",
      "integrity": "sha512-tiY5F6L3HyYXTbPoSb4dgFjkQzmnntc9yGXf3xHnPucsXiBhdDzjDia3AB3sVWE8haEUjFHeTnr6pR848+BxNA==",
      "dependencies": {
        "@noble/curves": "^1.5.0"
      }
    },
    "node_modules/@matter/main": {
      "version": "0.11.5-alpha.0-20241112-858f60251",
      "resolved": "https://registry.npmjs.org/@matter/main/-/main-0.11.5-alpha.0-20241112-858f60251.tgz",
      "integrity": "sha512-eruNYoYP2ajrS+0nH3O7Wr/LMmPsZvUWRdH9dSHxEdQNoxJf6gHowfdCF5mNgG73fdWxGR2RJn59j9NSkQ6A3A==",
      "dependencies": {
        "@matter/general": "0.11.5-alpha.0-20241112-858f60251",
        "@matter/model": "0.11.5-alpha.0-20241112-858f60251",
        "@matter/node": "0.11.5-alpha.0-20241112-858f60251",
        "@matter/protocol": "0.11.5-alpha.0-20241112-858f60251",
        "@matter/types": "0.11.5-alpha.0-20241112-858f60251",
        "@noble/curves": "^1.5.0"
      },
      "optionalDependencies": {
        "@matter/nodejs": "0.11.5-alpha.0-20241112-858f60251"
      }
    },
    "node_modules/@matter/model": {
      "version": "0.11.5-alpha.0-20241112-858f60251",
      "resolved": "https://registry.npmjs.org/@matter/model/-/model-0.11.5-alpha.0-20241112-858f60251.tgz",
      "integrity": "sha512-VnX1FOgweVpIP5FGYAQhy+mRfN90rXEetllTwO/4tBtlLZkGpIVkrcDmETT6qskj42iXVSIORtpJkfHPv22mRA==",
      "dependencies": {
        "@matter/general": "0.11.5-alpha.0-20241112-858f60251",
        "@noble/curves": "^1.5.0"
      }
    },
    "node_modules/@matter/node": {
      "version": "0.11.5-alpha.0-20241112-858f60251",
      "resolved": "https://registry.npmjs.org/@matter/node/-/node-0.11.5-alpha.0-20241112-858f60251.tgz",
      "integrity": "sha512-+mUhDJhDHDkVjyrceb7zBOlSL57ypJoyLLRfpsIj/5Caqt1yah/Yj7v+CMs26c/vLW8Q3vrHGjRrgWvfB7cYRw==",
      "dependencies": {
        "@matter/general": "0.11.5-alpha.0-20241112-858f60251",
        "@matter/model": "0.11.5-alpha.0-20241112-858f60251",
        "@matter/protocol": "0.11.5-alpha.0-20241112-858f60251",
        "@matter/types": "0.11.5-alpha.0-20241112-858f60251",
        "@noble/curves": "^1.5.0"
      }
    },
    "node_modules/@matter/nodejs": {
      "version": "0.11.5-alpha.0-20241112-858f60251",
      "resolved": "https://registry.npmjs.org/@matter/nodejs/-/nodejs-0.11.5-alpha.0-20241112-858f60251.tgz",
      "integrity": "sha512-d8OrGEfCIrxwMv52WNaCp6jLZyRoh7kh9f+MWXhz7PLRtxpUX3otS4XAy/PZPV4iuy+96rmZqFm0kcIpjgG03A==",
      "optional": true,
      "dependencies": {
        "@matter/general": "0.11.5-alpha.0-20241112-858f60251",
        "@matter/node": "0.11.5-alpha.0-20241112-858f60251",
        "@matter/protocol": "0.11.5-alpha.0-20241112-858f60251",
        "@matter/types": "0.11.5-alpha.0-20241112-858f60251",
        "node-localstorage": "^3.0.5"
      },
      "engines": {
        "node": ">=18.0.0"
      }
    },
    "node_modules/@matter/protocol": {
      "version": "0.11.5-alpha.0-20241112-858f60251",
      "resolved": "https://registry.npmjs.org/@matter/protocol/-/protocol-0.11.5-alpha.0-20241112-858f60251.tgz",
      "integrity": "sha512-j54ed9eLxb8/2dmldbjgSWQZGjanvmlBbdDbbvGv+Opoy3o1JviI6smu9vl9+ywX7EfZXZLbML2/TsquxWjruw==",
      "dependencies": {
        "@matter/general": "0.11.5-alpha.0-20241112-858f60251",
        "@matter/model": "0.11.5-alpha.0-20241112-858f60251",
        "@matter/types": "0.11.5-alpha.0-20241112-858f60251",
        "@noble/curves": "^1.5.0"
      }
    },
    "node_modules/@matter/types": {
      "version": "0.11.5-alpha.0-20241112-858f60251",
      "resolved": "https://registry.npmjs.org/@matter/types/-/types-0.11.5-alpha.0-20241112-858f60251.tgz",
      "integrity": "sha512-pWrYuRGirmY7IG1FR1Zag7ulqmrbWnUX0UdprzRTefbf8qjrqHYHPmhTm5qGenUkMgY9ga2DK84fUaVmmFgm6Q==",
      "dependencies": {
        "@matter/general": "0.11.5-alpha.0-20241112-858f60251",
        "@matter/model": "0.11.5-alpha.0-20241112-858f60251",
        "@noble/curves": "^1.5.0"
      }
    },
    "node_modules/@noble/curves": {
      "version": "1.6.0",
      "resolved": "https://registry.npmjs.org/@noble/curves/-/curves-1.6.0.tgz",
      "integrity": "sha512-TlaHRXDehJuRNR9TfZDNQ45mMEd5dwUwmicsafcIX4SsNiqnCHKjE/1alYPd/lDRVhxdhUAlv8uEhMCI5zjIJQ==",
      "dependencies": {
        "@noble/hashes": "1.5.0"
      },
      "engines": {
        "node": "^14.21.3 || >=16"
      },
      "funding": {
        "url": "https://paulmillr.com/funding/"
      }
    },
    "node_modules/@noble/hashes": {
      "version": "1.5.0",
      "resolved": "https://registry.npmjs.org/@noble/hashes/-/hashes-1.5.0.tgz",
      "integrity": "sha512-1j6kQFb7QRru7eKN3ZDvRcP13rugwdxZqCjbiAVZfIJwgj2A65UmT4TgARXGlXgnRkORLTDTrO19ZErt7+QXgA==",
      "engines": {
        "node": "^14.21.3 || >=16"
      },
      "funding": {
        "url": "https://paulmillr.com/funding/"
      }
    },
    "node_modules/@types/ace": {
      "version": "0.0.52",
      "resolved": "https://registry.npmjs.org/@types/ace/-/ace-0.0.52.tgz",
      "integrity": "sha512-YPF9S7fzpuyrxru+sG/rrTpZkC6gpHBPF14W3x70kqVOD+ks6jkYLapk4yceh36xej7K4HYxcyz9ZDQ2lTvwgQ=="
    },
    "node_modules/@types/body-parser": {
      "version": "1.19.5",
      "resolved": "https://registry.npmjs.org/@types/body-parser/-/body-parser-1.19.5.tgz",
      "integrity": "sha512-fB3Zu92ucau0iQ0JMCFQE7b/dv8Ot07NI3KaZIkIUNXq82k4eBAqUaneXfleGY9JWskeS9y+u0nXMyspcuQrCg==",
      "dependencies": {
        "@types/connect": "*",
        "@types/node": "*"
      }
    },
    "node_modules/@types/connect": {
      "version": "3.4.38",
      "resolved": "https://registry.npmjs.org/@types/connect/-/connect-3.4.38.tgz",
      "integrity": "sha512-K6uROf1LD88uDQqJCktA4yzL1YYAK6NgfsI0v/mTgyPKWsX1CnJ0XPSDhViejru1GcRkLWb8RlzFYJRqGUbaug==",
      "dependencies": {
        "@types/node": "*"
      }
    },
    "node_modules/@types/cors": {
      "version": "2.8.17",
      "resolved": "https://registry.npmjs.org/@types/cors/-/cors-2.8.17.tgz",
      "integrity": "sha512-8CGDvrBj1zgo2qE+oS3pOCyYNqCPryMWY2bGfwA0dcfopWGgxs+78df0Rs3rc9THP4JkOhLsAa+15VdpAqkcUA==",
      "dependencies": {
        "@types/node": "*"
      }
    },
    "node_modules/@types/express": {
      "version": "5.0.0",
      "resolved": "https://registry.npmjs.org/@types/express/-/express-5.0.0.tgz",
      "integrity": "sha512-DvZriSMehGHL1ZNLzi6MidnsDhUZM/x2pRdDIKdwbUNqqwHxMlRdkxtn6/EPKyqKpHqTl/4nRZsRNLpZxZRpPQ==",
      "dependencies": {
        "@types/body-parser": "*",
        "@types/express-serve-static-core": "^5.0.0",
        "@types/qs": "*",
        "@types/serve-static": "*"
      }
    },
    "node_modules/@types/express-serve-static-core": {
      "version": "5.0.1",
      "resolved": "https://registry.npmjs.org/@types/express-serve-static-core/-/express-serve-static-core-5.0.1.tgz",
      "integrity": "sha512-CRICJIl0N5cXDONAdlTv5ShATZ4HEwk6kDDIW2/w9qOWKg+NU/5F8wYRWCrONad0/UKkloNSmmyN/wX4rtpbVA==",
      "dependencies": {
        "@types/node": "*",
        "@types/qs": "*",
        "@types/range-parser": "*",
        "@types/send": "*"
      }
    },
    "node_modules/@types/http-errors": {
      "version": "2.0.4",
      "resolved": "https://registry.npmjs.org/@types/http-errors/-/http-errors-2.0.4.tgz",
      "integrity": "sha512-D0CFMMtydbJAegzOyHjtiKPLlvnm3iTZyZRSZoLq2mRhDdmLfIWOCYPfQJ4cu2erKghU++QvjcUjp/5h7hESpA=="
    },
    "node_modules/@types/jquery": {
      "version": "3.5.32",
      "resolved": "https://registry.npmjs.org/@types/jquery/-/jquery-3.5.32.tgz",
      "integrity": "sha512-b9Xbf4CkMqS02YH8zACqN1xzdxc3cO735Qe5AbSUFmyOiaWAbcpqh9Wna+Uk0vgACvoQHpWDg2rGdHkYPLmCiQ==",
      "dependencies": {
        "@types/sizzle": "*"
      }
    },
    "node_modules/@types/mime": {
      "version": "1.3.5",
      "resolved": "https://registry.npmjs.org/@types/mime/-/mime-1.3.5.tgz",
      "integrity": "sha512-/pyBZWSLD2n0dcHE3hq8s8ZvcETHtEuF+3E7XVt0Ig2nvsVQXdghHVcEkIWjy9A0wKfTn97a/PSDYohKIlnP/w=="
    },
    "node_modules/@types/node": {
      "version": "22.9.0",
      "resolved": "https://registry.npmjs.org/@types/node/-/node-22.9.0.tgz",
      "integrity": "sha512-vuyHg81vvWA1Z1ELfvLko2c8f34gyA0zaic0+Rllc5lbCnbSyuvb2Oxpm6TAUAC/2xZN3QGqxBNggD1nNR2AfQ==",
      "dependencies": {
        "undici-types": "~6.19.8"
      }
    },
    "node_modules/@types/node-red": {
      "version": "1.3.5",
      "resolved": "https://registry.npmjs.org/@types/node-red/-/node-red-1.3.5.tgz",
      "integrity": "sha512-LBP8TmXJszHOoRgieyxgUrspvatmTZlkPRftlSNGE9TVJCQzSSyX3tF/Qe4evQlIUBmMGOijxcUOcKZSvq4piQ==",
      "dependencies": {
        "@types/express": "*",
        "@types/node-red__editor-api": "*",
        "@types/node-red__editor-client": "*",
        "@types/node-red__registry": "*",
        "@types/node-red__runtime": "*",
        "@types/node-red__util": "*"
      }
    },
    "node_modules/@types/node-red__editor-api": {
      "version": "1.3.5",
      "resolved": "https://registry.npmjs.org/@types/node-red__editor-api/-/node-red__editor-api-1.3.5.tgz",
      "integrity": "sha512-VE0o/gJzHVBTD2OBhpWth3sjU06TYLlLvlPh62Whs9FXUY0FdFKqWXbaG+ymYQqZreL1ZvTKfFmj0H7LnVEUeg==",
      "dependencies": {
        "@types/express": "*",
        "@types/node-red__runtime": "*"
      }
    },
    "node_modules/@types/node-red__editor-client": {
      "version": "1.3.11",
      "resolved": "https://registry.npmjs.org/@types/node-red__editor-client/-/node-red__editor-client-1.3.11.tgz",
      "integrity": "sha512-Y8FGsMfec4TAVfULabH/Jui+4Cj4F3xx9v4GDpoTN5X9uHwOxdRi9UDtdvG+se/S76CFg6VjsctpJW0WjJUXgw==",
      "dependencies": {
        "@types/ace": "*",
        "@types/jquery": "*",
        "@types/node-red__registry": "*",
        "@types/node-red__runtime": "*",
        "@types/node-red__util": "*"
      }
    },
    "node_modules/@types/node-red__registry": {
      "version": "1.3.10",
      "resolved": "https://registry.npmjs.org/@types/node-red__registry/-/node-red__registry-1.3.10.tgz",
      "integrity": "sha512-sWjQMHn/k3OTFlrG7ljcfOMjsl1OdFEvDkRHoBga2srUjbtecELEcPaQ4WY5xsJdoXuhgxvhGh/5+ZPhpNTXEA==",
      "dependencies": {
        "@types/express": "*",
        "@types/node-red__runtime": "*",
        "@types/node-red__util": "*"
      }
    },
    "node_modules/@types/node-red__runtime": {
      "version": "1.3.8",
      "resolved": "https://registry.npmjs.org/@types/node-red__runtime/-/node-red__runtime-1.3.8.tgz",
      "integrity": "sha512-v5wsFjL6/kQ/YSz7WjC1J9yvE+NP8r5uivQTMBxnNnBabmDJo+dBmdp0rqJczbPNQS0ze7JGDQWz3Iuve+pYlw==",
      "dependencies": {
        "@types/cors": "*",
        "@types/express": "*",
        "@types/node-red__editor-api": "*",
        "@types/node-red__util": "*",
        "@types/passport": "*"
      }
    },
    "node_modules/@types/node-red__util": {
      "version": "1.3.8",
      "resolved": "https://registry.npmjs.org/@types/node-red__util/-/node-red__util-1.3.8.tgz",
      "integrity": "sha512-FQRxaZyUJlyh2phJevzMSF4H8jrsOUmFg05eyhRX5lvDcc/VqdZWcYdAq9dZPRgIwHJwLBttEh9mG3DAcMJiUg==",
      "dependencies": {
        "@types/node-red__registry": "*",
        "@types/node-red__runtime": "*",
        "jsonata": "2.0.5"
      }
    },
    "node_modules/@types/passport": {
      "version": "1.0.17",
      "resolved": "https://registry.npmjs.org/@types/passport/-/passport-1.0.17.tgz",
      "integrity": "sha512-aciLyx+wDwT2t2/kJGJR2AEeBz0nJU4WuRX04Wu9Dqc5lSUtwu0WERPHYsLhF9PtseiAMPBGNUOtFjxZ56prsg==",
      "dependencies": {
        "@types/express": "*"
      }
    },
    "node_modules/@types/qs": {
      "version": "6.9.17",
      "resolved": "https://registry.npmjs.org/@types/qs/-/qs-6.9.17.tgz",
      "integrity": "sha512-rX4/bPcfmvxHDv0XjfJELTTr+iB+tn032nPILqHm5wbthUUUuVtNGGqzhya9XUxjTP8Fpr0qYgSZZKxGY++svQ=="
    },
    "node_modules/@types/range-parser": {
      "version": "1.2.7",
      "resolved": "https://registry.npmjs.org/@types/range-parser/-/range-parser-1.2.7.tgz",
      "integrity": "sha512-hKormJbkJqzQGhziax5PItDUTMAM9uE2XXQmM37dyd4hVM+5aVl7oVxMVUiVQn2oCQFN/LKCZdvSM0pFRqbSmQ=="
    },
    "node_modules/@types/send": {
      "version": "0.17.4",
      "resolved": "https://registry.npmjs.org/@types/send/-/send-0.17.4.tgz",
      "integrity": "sha512-x2EM6TJOybec7c52BX0ZspPodMsQUd5L6PRwOunVyVUhXiBSKf3AezDL8Dgvgt5o0UfKNfuA0eMLr2wLT4AiBA==",
      "dependencies": {
        "@types/mime": "^1",
        "@types/node": "*"
      }
    },
    "node_modules/@types/serve-static": {
      "version": "1.15.7",
      "resolved": "https://registry.npmjs.org/@types/serve-static/-/serve-static-1.15.7.tgz",
      "integrity": "sha512-W8Ym+h8nhuRwaKPaDw34QUkwsGi6Rc4yYqvKFo5rm2FUEhCFbzVWrxXUxuKK8TASjWsysJY0nsmNCGhCOIsrOw==",
      "dependencies": {
        "@types/http-errors": "*",
        "@types/node": "*",
        "@types/send": "*"
      }
    },
    "node_modules/@types/sizzle": {
      "version": "2.3.9",
      "resolved": "https://registry.npmjs.org/@types/sizzle/-/sizzle-2.3.9.tgz",
      "integrity": "sha512-xzLEyKB50yqCUPUJkIsrVvoWNfFUbIZI+RspLWt8u+tIW/BetMBZtgV2LY/2o+tYH8dRvQ+eoPf3NdhQCcLE2w=="
    },
    "node_modules/c0lor": {
      "version": "0.1.1",
      "resolved": "https://registry.npmjs.org/c0lor/-/c0lor-0.1.1.tgz",
      "integrity": "sha512-H7N7xNKIrmI5oSJ0wqdI/+epUeL8gNk4faK8pFvoP8BGMFD2xwyGlRIaWQUOWVevZbQU2unqoS1sLt4jjjnDtA==",
      "dependencies": {
        "m4th": "0.1.0",
        "ut1l": "0.2.1"
      }
    },
    "node_modules/color-2-name": {
      "version": "1.4.4",
      "resolved": "https://registry.npmjs.org/color-2-name/-/color-2-name-1.4.4.tgz",
      "integrity": "sha512-CSF+PANU5YSZYviiU88GJBeJADD4g9mydxLRMYtMEqVxhcLyl72b6PkMQnvomZyUZZLbPhfXs42QZcR0We4JOA==",
      "engines": {
        "node": ">=14.0.0",
        "npm": ">=6.0.0"
      }
    },
    "node_modules/imurmurhash": {
      "version": "0.1.4",
      "resolved": "https://registry.npmjs.org/imurmurhash/-/imurmurhash-0.1.4.tgz",
      "integrity": "sha512-JmXMZ6wuvDmLiHEml9ykzqO6lwFbof0GG4IkcGaENdCRDDmMVnny7s5HsIgHCbaq0w2MyPhDqkhTUgS2LU2PHA==",
      "optional": true,
      "engines": {
        "node": ">=0.8.19"
      }
    },
    "node_modules/jsonata": {
      "version": "2.0.5",
      "resolved": "https://registry.npmjs.org/jsonata/-/jsonata-2.0.5.tgz",
      "integrity": "sha512-wEse9+QLIIU5IaCgtJCPsFi/H4F3qcikWzF4bAELZiRz08ohfx3Q6CjDRf4ZPF5P/92RI3KIHtb7u3jqPaHXdQ==",
      "engines": {
        "node": ">= 8"
      }
    },
    "node_modules/lodash": {
      "version": "4.17.21",
      "resolved": "https://registry.npmjs.org/lodash/-/lodash-4.17.21.tgz",
      "integrity": "sha512-v2kDEe57lecTulaDIuNTPy3Ry4gLGJ6Z1O3vE1krgXZNrsQ+LFTGHVxVjcXPs17LhbZVGedAJv8XZ1tvj5FvSg=="
    },
    "node_modules/m4th": {
      "version": "0.1.0",
      "resolved": "https://registry.npmjs.org/m4th/-/m4th-0.1.0.tgz",
      "integrity": "sha512-TYVT14iONeYtZ7v5qhoDB95EeZpoRYDsMp47hzd3TUk2qUNtwLOsx29sj5FyTs7iSUZNuBp6RSENuEBl47prRQ==",
      "dependencies": {
        "ut1l": "0.2.0"
      }
    },
    "node_modules/m4th/node_modules/ut1l": {
      "version": "0.2.0",
      "resolved": "https://registry.npmjs.org/ut1l/-/ut1l-0.2.0.tgz",
      "integrity": "sha512-uQZ6W02C22qMhP/WcUyPY/cQ8P2krcCrJ73JR2nwvgRYWJ0wI1AOQnw8sm4A0AuRfkRJYMlBMthtm5/4LeuKWg=="
    },
    "node_modules/node-localstorage": {
      "version": "3.0.5",
      "resolved": "https://registry.npmjs.org/node-localstorage/-/node-localstorage-3.0.5.tgz",
      "integrity": "sha512-GCwtK33iwVXboZWYcqQHu3aRvXEBwmPkAMRBLeaX86ufhqslyUkLGsi4aW3INEfdQYpUB5M9qtYf3eHvAk2VBg==",
      "optional": true,
      "dependencies": {
        "write-file-atomic": "^5.0.1"
      },
      "engines": {
        "node": ">=0.12"
      }
    },
    "node_modules/signal-exit": {
      "version": "4.1.0",
      "resolved": "https://registry.npmjs.org/signal-exit/-/signal-exit-4.1.0.tgz",
      "integrity": "sha512-bzyZ1e88w9O1iNJbKnOlvYTrWPDl46O1bG0D3XInv+9tkPrxrN8jUUTiFlDkkmKWgn1M6CfIA13SuGqOa9Korw==",
      "optional": true,
      "engines": {
        "node": ">=14"
      },
      "funding": {
        "url": "https://github.com/sponsors/isaacs"
      }
    },
    "node_modules/undici-types": {
      "version": "6.19.8",
      "resolved": "https://registry.npmjs.org/undici-types/-/undici-types-6.19.8.tgz",
      "integrity": "sha512-ve2KP6f/JnbPBFyobGHuerC9g1FYGn/F8n1LWTwNxCEzd6IfqTwUQcNXgEtmmQ6DlRrC1hrSrBnCZPokRrDHjw=="
    },
    "node_modules/ut1l": {
      "version": "0.2.1",
      "resolved": "https://registry.npmjs.org/ut1l/-/ut1l-0.2.1.tgz",
      "integrity": "sha512-lvB/EqxsesTTzBc5mx9Z9ook8Bds2KkBa64bmNzSPH55Ncy5c3unw3SBuBRVDDVJV1c5fSy7UCmyN425jb5NQw=="
    },
    "node_modules/write-file-atomic": {
      "version": "5.0.1",
      "resolved": "https://registry.npmjs.org/write-file-atomic/-/write-file-atomic-5.0.1.tgz",
      "integrity": "sha512-+QU2zd6OTD8XWIJCbffaiQeH9U73qIqafo1x6V1snCWYGJf6cVE0cDR4D8xRzcEnfI21IFrUPzPGtcPf8AC+Rw==",
      "optional": true,
      "dependencies": {
        "imurmurhash": "^0.1.4",
        "signal-exit": "^4.0.1"
      },
      "engines": {
        "node": "^14.17.0 || ^16.13.0 || >=18.0.0"
      }
    }
  }
}
